
Microsoft Visual Studio Solution File, Format Version 12.00
# Visual Studio Version 16
VisualStudioVersion = 16.0.31129.286
MinimumVisualStudioVersion = 10.0.40219.1
Project("{8BC9CEB8-8B4A-11D0-8D11-00A0C91BC942}") = "操作系统2", "操作系统2.vcxproj", "{2A875E7B-C451-43BA-ABAE-E67C16044A58}"
EndProject
Global
	GlobalSection(SolutionConfigurationPlatforms) = preSolution
		Debug|x64 = Debug|x64
		Debug|x86 = Debug|x86
		Release|x64 = Release|x64
		Release|x86 = Release|x86
	EndGlobalSection
	GlobalSection(ProjectConfigurationPlatforms) = postSolution
		{2A875E7B-C451-43BA-ABAE-E67C16044A58}.Debug|x64.ActiveCfg = Debug|x64
		{2A875E7B-C451-43BA-ABAE-E67C16044A58}.Debug|x64.Build.0 = Debug|x64
		{2A875E7B-C451-43BA-ABAE-E67C16044A58}.Debug|x86.ActiveCfg = Debug|Win32
		{2A875E7B-C451-43BA-ABAE-E67C16044A58}.Debug|x86.Build.0 = Debug|Win32
		{2A875E7B-C451-43BA-ABAE-E67C16044A58}.Release|x64.ActiveCfg = Release|x64
		{2A875E7B-C451-43BA-ABAE-E67C16044A58}.Release|x64.Build.0 = Release|x64
		{2A875E7B-C451-43BA-ABAE-E67C16044A58}.Release|x86.ActiveCfg = Release|Win32
		{2A875E7B-C451-43BA-ABAE-E67C16044A58}.Release|x86.Build.0 = Release|Win32
	EndGlobalSection
	GlobalSection(SolutionProperties) = preSolution
		HideSolutionNode = FALSE
	EndGlobalSection
	GlobalSection(ExtensibilityGlobals) = postSolution
		SolutionGuid = {EEBD3681-1BB8-4474-8F4F-26FDE34DF05F}
	EndGlobalSection
EndGlobal
